
Microsoft Visual Studio Solution File, Format Version 12.00
# Visual Studio Version 17
VisualStudioVersion = 17.14.37012.4
MinimumVisualStudioVersion = 10.0.40219.1
Project("{FAE04EC0-301F-11D3-BF4B-00C04F79EFBC}") = "BulkyWeb", "BulkyWeb\BulkyWeb.csproj", "{B894FA8B-4709-4290-9331-E1CFD9CCB98A}"
EndProject
Project("{FAE04EC0-301F-11D3-BF4B-00C04F79EFBC}") = "SD7501Bulky.DataAccess", "SD7501Bulky.DataAccess\SD7501Bulky.DataAccess.csproj", "{23437DAE-0542-4E14-9047-F9C8D49E3968}"
EndProject
Project("{FAE04EC0-301F-11D3-BF4B-00C04F79EFBC}") = "SD7501Bulky.Utilities", "SD7501Bulky.Utilities\SD7501Bulky.Utilities.csproj", "{97898D80-E9B5-43E0-966D-EDEB70FEC08A}"
EndProject
Project("{FAE04EC0-301F-11D3-BF4B-00C04F79EFBC}") = "SD7501Bulky.Models", "SD7501Bulky.Models\SD7501Bulky.Models.csproj", "{0BB081BF-4182-419F-A9C8-E01E3CE8C3FE}"
EndProject
Global
	GlobalSection(SolutionConfigurationPlatforms) = preSolution
		Debug|Any CPU = Debug|Any CPU
		Release|Any CPU = Release|Any CPU
	EndGlobalSection
	GlobalSection(ProjectConfigurationPlatforms) = postSolution
		{B894FA8B-4709-4290-9331-E1CFD9CCB98A}.Debug|Any CPU.ActiveCfg = Debug|Any CPU
		{B894FA8B-4709-4290-9331-E1CFD9CCB98A}.Debug|Any CPU.Build.0 = Debug|Any CPU
		{B894FA8B-4709-4290-9331-E1CFD9CCB98A}.Release|Any CPU.ActiveCfg = Release|Any CPU
		{B894FA8B-4709-4290-9331-E1CFD9CCB98A}.Release|Any CPU.Build.0 = Release|Any CPU
		{23437DAE-0542-4E14-9047-F9C8D49E3968}.Debug|Any CPU.ActiveCfg = Debug|Any CPU
		{23437DAE-0542-4E14-9047-F9C8D49E3968}.Debug|Any CPU.Build.0 = Debug|Any CPU
		{23437DAE-0542-4E14-9047-F9C8D49E3968}.Release|Any CPU.ActiveCfg = Release|Any CPU
		{23437DAE-0542-4E14-9047-F9C8D49E3968}.Release|Any CPU.Build.0 = Release|Any CPU
		{97898D80-E9B5-43E0-966D-EDEB70FEC08A}.Debug|Any CPU.ActiveCfg = Debug|Any CPU
		{97898D80-E9B5-43E0-966D-EDEB70FEC08A}.Debug|Any CPU.Build.0 = Debug|Any CPU
		{97898D80-E9B5-43E0-966D-EDEB70FEC08A}.Release|Any CPU.ActiveCfg = Release|Any CPU
		{97898D80-E9B5-43E0-966D-EDEB70FEC08A}.Release|Any CPU.Build.0 = Release|Any CPU
		{0BB081BF-4182-419F-A9C8-E01E3CE8C3FE}.Debug|Any CPU.ActiveCfg = Debug|Any CPU
		{0BB081BF-4182-419F-A9C8-E01E3CE8C3FE}.Debug|Any CPU.Build.0 = Debug|Any CPU
		{0BB081BF-4182-419F-A9C8-E01E3CE8C3FE}.Release|Any CPU.ActiveCfg = Release|Any CPU
		{0BB081BF-4182-419F-A9C8-E01E3CE8C3FE}.Release|Any CPU.Build.0 = Release|Any CPU
	EndGlobalSection
	GlobalSection(SolutionProperties) = preSolution
		HideSolutionNode = FALSE
	EndGlobalSection
	GlobalSection(ExtensibilityGlobals) = postSolution
		SolutionGuid = {367EED23-E6BC-4F1F-AE2C-F43907DF659A}
	EndGlobalSection
EndGlobal
